<?xml version="1.0" encoding="utf-8"?>
<Project ToolsVersion="15.0" xmlns="http://schemas.microsoft.com/developer/msbuild/2003">
  <ItemGroup>
    <ClCompile Include="D:\Programming\clsocket\src\SimpleSocket.cpp">
      <Filter>Source Files</Filter>
    </ClCompile>
    <ClCompile Include="D:\Programming\clsocket\src\ActiveSocket.cpp">
      <Filter>Source Files</Filter>
    </ClCompile>
    <ClCompile Include="D:\Programming\clsocket\src\PassiveSocket.cpp">
      <Filter>Source Files</Filter>
    </ClCompile>
  </ItemGroup>
  <ItemGroup>
    <ClInclude Include="D:\Programming\clsocket\src\ActiveSocket.h">
      <Filter>Header Files</Filter>
    </ClInclude>
    <ClInclude Include="D:\Programming\clsocket\src\Host.h">
      <Filter>Header Files</Filter>
    </ClInclude>
    <ClInclude Include="D:\Programming\clsocket\src\PassiveSocket.h">
      <Filter>Header Files</Filter>
    </ClInclude>
    <ClInclude Include="D:\Programming\clsocket\src\SimpleSocket.h">
      <Filter>Header Files</Filter>
    </ClInclude>
    <ClInclude Include="D:\Programming\clsocket\src\StatTimer.h">
      <Filter>Header Files</Filter>
    </ClInclude>
  </ItemGroup>
  <ItemGroup>
    <CustomBuild Include="D:\Programming\clsocket\CMakeLists.txt" />
  </ItemGroup>
  <ItemGroup>
    <Filter Include="Header Files">
      <UniqueIdentifier>{864DA117-5FCD-3DAE-B61E-828DC30EE30F}</UniqueIdentifier>
    </Filter>
    <Filter Include="Source Files">
      <UniqueIdentifier>{4BAAD8AF-5AD9-3FC4-A961-18804E4A24D7}</UniqueIdentifier>
    </Filter>
  </ItemGroup>
</Project>
